
Microsoft Visual Studio Solution File, Format Version 12.00
# Visual Studio Version 16
VisualStudioVersion = 16.0.31911.196
MinimumVisualStudioVersion = 10.0.40219.1
Project("{FAE04EC0-301F-11D3-BF4B-00C04F79EFBC}") = "EngineTester", "EngineTester\EngineTester.csproj", "{36C354F2-538B-43EC-AD92-C21C8229F04F}"
EndProject
Global
	GlobalSection(SolutionConfigurationPlatforms) = preSolution
		Debug|Any CPU = Debug|Any CPU
		Release|Any CPU = Release|Any CPU
	EndGlobalSection
	GlobalSection(ProjectConfigurationPlatforms) = postSolution
		{36C354F2-538B-43EC-AD92-C21C8229F04F}.Debug|Any CPU.ActiveCfg = Debug|Any CPU
		{36C354F2-538B-43EC-AD92-C21C8229F04F}.Debug|Any CPU.Build.0 = Debug|Any CPU
		{36C354F2-538B-43EC-AD92-C21C8229F04F}.Release|Any CPU.ActiveCfg = Release|Any CPU
		{36C354F2-538B-43EC-AD92-C21C8229F04F}.Release|Any CPU.Build.0 = Release|Any CPU
	EndGlobalSection
	GlobalSection(SolutionProperties) = preSolution
		HideSolutionNode = FALSE
	EndGlobalSection
	GlobalSection(ExtensibilityGlobals) = postSolution
		SolutionGuid = {20245D87-F0DB-48F9-AB69-70365DC4D460}
	EndGlobalSection
EndGlobal
